
Microsoft Visual Studio Solution File, Format Version 12.00
# Visual Studio Version 16
VisualStudioVersion = 16.0.31624.102
MinimumVisualStudioVersion = 10.0.40219.1
Project("{FAE04EC0-301F-11D3-BF4B-00C04F79EFBC}") = "MoveManaged.WebMVC", "MoveManaged.WebMVC\MoveManaged.WebMVC.csproj", "{7B5CEC0C-8A34-4093-94E3-FD9D251E7484}"
EndProject
Project("{FAE04EC0-301F-11D3-BF4B-00C04F79EFBC}") = "MoveManaged.Data", "MoveManaged.Data\MoveManaged.Data.csproj", "{B5FCD9B7-E68E-4FEE-A2A3-AA062AEEC76F}"
EndProject
Project("{FAE04EC0-301F-11D3-BF4B-00C04F79EFBC}") = "MoveManaged.Models", "MoveManaged.Models\MoveManaged.Models.csproj", "{59691463-1FBB-4F4B-A4BA-102FE34AF67B}"
EndProject
Project("{FAE04EC0-301F-11D3-BF4B-00C04F79EFBC}") = "MoveManaged.Services", "MoveManaged.Services\MoveManaged.Services.csproj", "{77A7A465-DBDC-47CF-B402-74458249E0EB}"
EndProject
Global
	GlobalSection(SolutionConfigurationPlatforms) = preSolution
		Debug|Any CPU = Debug|Any CPU
		Release|Any CPU = Release|Any CPU
	EndGlobalSection
	GlobalSection(ProjectConfigurationPlatforms) = postSolution
		{7B5CEC0C-8A34-4093-94E3-FD9D251E7484}.Debug|Any CPU.ActiveCfg = Debug|Any CPU
		{7B5CEC0C-8A34-4093-94E3-FD9D251E7484}.Debug|Any CPU.Build.0 = Debug|Any CPU
		{7B5CEC0C-8A34-4093-94E3-FD9D251E7484}.Release|Any CPU.ActiveCfg = Release|Any CPU
		{7B5CEC0C-8A34-4093-94E3-FD9D251E7484}.Release|Any CPU.Build.0 = Release|Any CPU
		{B5FCD9B7-E68E-4FEE-A2A3-AA062AEEC76F}.Debug|Any CPU.ActiveCfg = Debug|Any CPU
		{B5FCD9B7-E68E-4FEE-A2A3-AA062AEEC76F}.Debug|Any CPU.Build.0 = Debug|Any CPU
		{B5FCD9B7-E68E-4FEE-A2A3-AA062AEEC76F}.Release|Any CPU.ActiveCfg = Release|Any CPU
		{B5FCD9B7-E68E-4FEE-A2A3-AA062AEEC76F}.Release|Any CPU.Build.0 = Release|Any CPU
		{59691463-1FBB-4F4B-A4BA-102FE34AF67B}.Debug|Any CPU.ActiveCfg = Debug|Any CPU
		{59691463-1FBB-4F4B-A4BA-102FE34AF67B}.Debug|Any CPU.Build.0 = Debug|Any CPU
		{59691463-1FBB-4F4B-A4BA-102FE34AF67B}.Release|Any CPU.ActiveCfg = Release|Any CPU
		{59691463-1FBB-4F4B-A4BA-102FE34AF67B}.Release|Any CPU.Build.0 = Release|Any CPU
		{77A7A465-DBDC-47CF-B402-74458249E0EB}.Debug|Any CPU.ActiveCfg = Debug|Any CPU
		{77A7A465-DBDC-47CF-B402-74458249E0EB}.Debug|Any CPU.Build.0 = Debug|Any CPU
		{77A7A465-DBDC-47CF-B402-74458249E0EB}.Release|Any CPU.ActiveCfg = Release|Any CPU
		{77A7A465-DBDC-47CF-B402-74458249E0EB}.Release|Any CPU.Build.0 = Release|Any CPU
	EndGlobalSection
	GlobalSection(SolutionProperties) = preSolution
		HideSolutionNode = FALSE
	EndGlobalSection
	GlobalSection(ExtensibilityGlobals) = postSolution
		SolutionGuid = {EBDA2F71-39E7-4D84-9D16-229F12AFD69A}
	EndGlobalSection
EndGlobal
